
Microsoft Visual Studio Solution File, Format Version 12.00
# Visual Studio Version 16
VisualStudioVersion = 16.0.29613.14
MinimumVisualStudioVersion = 10.0.40219.1
Project("{9A19103F-16F7-4668-BE54-9A1E7A4F7556}") = "TDDCursusLibrary", "TDDCursusLibrary5\TDDCursusLibrary.csproj", "{8E8194AE-EBE1-4F64-8149-BCDD978E7C48}"
EndProject
Project("{9A19103F-16F7-4668-BE54-9A1E7A4F7556}") = "TDDCursusLibraryTest", "TDDCursusLibraryTest5\TDDCursusLibraryTest.csproj", "{75559267-A93C-4FE4-AE8D-1B94FE1B496B}"
EndProject
Global
	GlobalSection(SolutionConfigurationPlatforms) = preSolution
		Debug|Any CPU = Debug|Any CPU
		Release|Any CPU = Release|Any CPU
	EndGlobalSection
	GlobalSection(ProjectConfigurationPlatforms) = postSolution
		{8E8194AE-EBE1-4F64-8149-BCDD978E7C48}.Debug|Any CPU.ActiveCfg = Debug|Any CPU
		{8E8194AE-EBE1-4F64-8149-BCDD978E7C48}.Debug|Any CPU.Build.0 = Debug|Any CPU
		{8E8194AE-EBE1-4F64-8149-BCDD978E7C48}.Release|Any CPU.ActiveCfg = Release|Any CPU
		{8E8194AE-EBE1-4F64-8149-BCDD978E7C48}.Release|Any CPU.Build.0 = Release|Any CPU
		{75559267-A93C-4FE4-AE8D-1B94FE1B496B}.Debug|Any CPU.ActiveCfg = Debug|Any CPU
		{75559267-A93C-4FE4-AE8D-1B94FE1B496B}.Debug|Any CPU.Build.0 = Debug|Any CPU
		{75559267-A93C-4FE4-AE8D-1B94FE1B496B}.Release|Any CPU.ActiveCfg = Release|Any CPU
		{75559267-A93C-4FE4-AE8D-1B94FE1B496B}.Release|Any CPU.Build.0 = Release|Any CPU
	EndGlobalSection
	GlobalSection(SolutionProperties) = preSolution
		HideSolutionNode = FALSE
	EndGlobalSection
	GlobalSection(ExtensibilityGlobals) = postSolution
		SolutionGuid = {6368D3A7-4289-4D41-B1DF-69F20E38E47B}
	EndGlobalSection
EndGlobal
